// !$*UTF8*$!
{
	archiveVersion = 1;
	classes = {
	};
	objectVersion = 56;
	objects = {

/* Begin PBXBuildFile section */
		072D1D172B6364B300C166E1 /* ScrumTimer.swift in Sources */ = {isa = PBXBuildFile; fileRef = 072D1D162B6364B200C166E1 /* ScrumTimer.swift */; };
		072D1D192B63663C00C166E1 /* MeetingFooterView.swift in Sources */ = {isa = PBXBuildFile; fileRef = 072D1D182B63663C00C166E1 /* MeetingFooterView.swift */; };
		072D1D1E2B63708A00C166E1 /* ding.wav in Resources */ = {isa = PBXBuildFile; fileRef = 072D1D1D2B63708900C166E1 /* ding.wav */; };
		07AD90F92B5AC8E300406500 /* ScrumsView.swift in Sources */ = {isa = PBXBuildFile; fileRef = 07AD90F82B5AC8E300406500 /* ScrumsView.swift */; };
		07AD90FB2B5ACE8200406500 /* DetailView.swift in Sources */ = {isa = PBXBuildFile; fileRef = 07AD90FA2B5ACE8200406500 /* DetailView.swift */; };
		07AD90FD2B5AEA4A00406500 /* DetailEditView.swift in Sources */ = {isa = PBXBuildFile; fileRef = 07AD90FC2B5AEA4A00406500 /* DetailEditView.swift */; };
		07AD90FF2B5AFD7500406500 /* ThemeView.swift in Sources */ = {isa = PBXBuildFile; fileRef = 07AD90FE2B5AFD7500406500 /* ThemeView.swift */; };
		07AD91012B5AFDF000406500 /* ThemePickerView.swift in Sources */ = {isa = PBXBuildFile; fileRef = 07AD91002B5AFDF000406500 /* ThemePickerView.swift */; };
		07CA18B12B635BE400F95D21 /* MeetingHeaderView.swift in Sources */ = {isa = PBXBuildFile; fileRef = 07CA18B02B635BE400F95D21 /* MeetingHeaderView.swift */; };
		07CA18B32B63613D00F95D21 /* ScrumProgressViewStyle.swift in Sources */ = {isa = PBXBuildFile; fileRef = 07CA18B22B63613D00F95D21 /* ScrumProgressViewStyle.swift */; };
		07CBD4EF2B56DAB4000B6B92 /* ScrumdingerApp.swift in Sources */ = {isa = PBXBuildFile; fileRef = 07CBD4EE2B56DAB4000B6B92 /* ScrumdingerApp.swift */; };
		07CBD4F12B56DAB4000B6B92 /* MeetingView.swift in Sources */ = {isa = PBXBuildFile; fileRef = 07CBD4F02B56DAB4000B6B92 /* MeetingView.swift */; };
		07CBD4F32B56DABC000B6B92 /* Assets.xcassets in Resources */ = {isa = PBXBuildFile; fileRef = 07CBD4F22B56DABC000B6B92 /* Assets.xcassets */; };
		07CBD4F62B56DABC000B6B92 /* Preview Assets.xcassets in Resources */ = {isa = PBXBuildFile; fileRef = 07CBD4F52B56DABC000B6B92 /* Preview Assets.xcassets */; };
		07CBD4FE2B56E4B6000B6B92 /* Theme.swift in Sources */ = {isa = PBXBuildFile; fileRef = 07CBD4FD2B56E4B6000B6B92 /* Theme.swift */; };
		07CBD5002B56E550000B6B92 /* DailyScrum.swift in Sources */ = {isa = PBXBuildFile; fileRef = 07CBD4FF2B56E550000B6B92 /* DailyScrum.swift */; };
		07CBD5022B56E67E000B6B92 /* CardView.swift in Sources */ = {isa = PBXBuildFile; fileRef = 07CBD5012B56E67E000B6B92 /* CardView.swift */; };
		07E198232B5941DE008CC276 /* TrailingIconLabelStyle.swift in Sources */ = {isa = PBXBuildFile; fileRef = 07E198222B5941DE008CC276 /* TrailingIconLabelStyle.swift */; };
		07F8136C2B63ED8800CA90FC /* NewScrumSheet.swift in Sources */ = {isa = PBXBuildFile; fileRef = 07F8136B2B63ED8800CA90FC /* NewScrumSheet.swift */; };
		C6684F652B936A5200E16797 /* AVPlayer+Ding.swift in Sources */ = {isa = PBXBuildFile; fileRef = C6684F642B936A5200E16797 /* AVPlayer+Ding.swift */; };
		C6684F672B93AB6500E16797 /* History.swift in Sources */ = {isa = PBXBuildFile; fileRef = C6684F662B93AB6500E16797 /* History.swift */; };
		C68811232B95B11E00352EC9 /* MeetingTimerView.swift in Sources */ = {isa = PBXBuildFile; fileRef = C68811222B95B11E00352EC9 /* MeetingTimerView.swift */; };
		C68811262B95B3FC00352EC9 /* SpeakerArc.swift in Sources */ = {isa = PBXBuildFile; fileRef = C68811252B95B3FC00352EC9 /* SpeakerArc.swift */; };
		C68E4D6B2B9A196B0011F267 /* SpeechRecongizer.swift in Sources */ = {isa = PBXBuildFile; fileRef = C68E4D6A2B9A196B0011F267 /* SpeechRecongizer.swift */; };
		C68E4D6D2B9A1CC00011F267 /* HistoryView.swift in Sources */ = {isa = PBXBuildFile; fileRef = C68E4D6C2B9A1CC00011F267 /* HistoryView.swift */; };
		C6A2A77F2B94F69A001AB0F2 /* ScrumStore.swift in Sources */ = {isa = PBXBuildFile; fileRef = C6A2A77E2B94F69A001AB0F2 /* ScrumStore.swift */; };
		C6A2A7812B9500C7001AB0F2 /* ErrorWrapper.swift in Sources */ = {isa = PBXBuildFile; fileRef = C6A2A7802B9500C7001AB0F2 /* ErrorWrapper.swift */; };
		C6A2A7832B95015B001AB0F2 /* ErrorView.swift in Sources */ = {isa = PBXBuildFile; fileRef = C6A2A7822B95015B001AB0F2 /* ErrorView.swift */; };
/* End PBXBuildFile section */

/* Begin PBXFileReference section */
		072D1D162B6364B200C166E1 /* ScrumTimer.swift */ = {isa = PBXFileReference; lastKnownFileType = sourcecode.swift; path = ScrumTimer.swift; sourceTree = "<group>"; };
		072D1D182B63663C00C166E1 /* MeetingFooterView.swift */ = {isa = PBXFileReference; lastKnownFileType = sourcecode.swift; path = MeetingFooterView.swift; sourceTree = "<group>"; };
		072D1D1D2B63708900C166E1 /* ding.wav */ = {isa = PBXFileReference; lastKnownFileType = audio.wav; path = ding.wav; sourceTree = "<group>"; };
		07AD90F82B5AC8E300406500 /* ScrumsView.swift */ = {isa = PBXFileReference; lastKnownFileType = sourcecode.swift; path = ScrumsView.swift; sourceTree = "<group>"; };
		07AD90FA2B5ACE8200406500 /* DetailView.swift */ = {isa = PBXFileReference; lastKnownFileType = sourcecode.swift; path = DetailView.swift; sourceTree = "<group>"; };
		07AD90FC2B5AEA4A00406500 /* DetailEditView.swift */ = {isa = PBXFileReference; lastKnownFileType = sourcecode.swift; path = DetailEditView.swift; sourceTree = "<group>"; };
		07AD90FE2B5AFD7500406500 /* ThemeView.swift */ = {isa = PBXFileReference; lastKnownFileType = sourcecode.swift; path = ThemeView.swift; sourceTree = "<group>"; };
		07AD91002B5AFDF000406500 /* ThemePickerView.swift */ = {isa = PBXFileReference; lastKnownFileType = sourcecode.swift; path = ThemePickerView.swift; sourceTree = "<group>"; };
		07CA18B02B635BE400F95D21 /* MeetingHeaderView.swift */ = {isa = PBXFileReference; lastKnownFileType = sourcecode.swift; path = MeetingHeaderView.swift; sourceTree = "<group>"; };
		07CA18B22B63613D00F95D21 /* ScrumProgressViewStyle.swift */ = {isa = PBXFileReference; lastKnownFileType = sourcecode.swift; path = ScrumProgressViewStyle.swift; sourceTree = "<group>"; };
		07CBD4EB2B56DAB4000B6B92 /* Scrumdinger.app */ = {isa = PBXFileReference; explicitFileType = wrapper.application; includeInIndex = 0; path = Scrumdinger.app; sourceTree = BUILT_PRODUCTS_DIR; };
		07CBD4EE2B56DAB4000B6B92 /* ScrumdingerApp.swift */ = {isa = PBXFileReference; lastKnownFileType = sourcecode.swift; path = ScrumdingerApp.swift; sourceTree = "<group>"; };
		07CBD4F02B56DAB4000B6B92 /* MeetingView.swift */ = {isa = PBXFileReference; lastKnownFileType = sourcecode.swift; path = MeetingView.swift; sourceTree = "<group>"; };
		07CBD4F22B56DABC000B6B92 /* Assets.xcassets */ = {isa = PBXFileReference; lastKnownFileType = folder.assetcatalog; path = Assets.xcassets; sourceTree = "<group>"; };
		07CBD4F52B56DABC000B6B92 /* Preview Assets.xcassets */ = {isa = PBXFileReference; lastKnownFileType = folder.assetcatalog; path = "Preview Assets.xcassets"; sourceTree = "<group>"; };
		07CBD4FD2B56E4B6000B6B92 /* Theme.swift */ = {isa = PBXFileReference; lastKnownFileType = sourcecode.swift; path = Theme.swift; sourceTree = "<group>"; };
		07CBD4FF2B56E550000B6B92 /* DailyScrum.swift */ = {isa = PBXFileReference; lastKnownFileType = sourcecode.swift; path = DailyScrum.swift; sourceTree = "<group>"; };
		07CBD5012B56E67E000B6B92 /* CardView.swift */ = {isa = PBXFileReference; lastKnownFileType = sourcecode.swift; path = CardView.swift; sourceTree = "<group>"; };
		07E198222B5941DE008CC276 /* TrailingIconLabelStyle.swift */ = {isa = PBXFileReference; lastKnownFileType = sourcecode.swift; path = TrailingIconLabelStyle.swift; sourceTree = "<group>"; };
		07F8136B2B63ED8800CA90FC /* NewScrumSheet.swift */ = {isa = PBXFileReference; lastKnownFileType = sourcecode.swift; path = NewScrumSheet.swift; sourceTree = "<group>"; };
		C6684F642B936A5200E16797 /* AVPlayer+Ding.swift */ = {isa = PBXFileReference; lastKnownFileType = sourcecode.swift; path = "AVPlayer+Ding.swift"; sourceTree = "<group>"; };
		C6684F662B93AB6500E16797 /* History.swift */ = {isa = PBXFileReference; lastKnownFileType = sourcecode.swift; path = History.swift; sourceTree = "<group>"; };
		C68811222B95B11E00352EC9 /* MeetingTimerView.swift */ = {isa = PBXFileReference; lastKnownFileType = sourcecode.swift; path = MeetingTimerView.swift; sourceTree = "<group>"; };
		C68811252B95B3FC00352EC9 /* SpeakerArc.swift */ = {isa = PBXFileReference; lastKnownFileType = sourcecode.swift; path = SpeakerArc.swift; sourceTree = "<group>"; };
		C68E4D6A2B9A196B0011F267 /* SpeechRecongizer.swift */ = {isa = PBXFileReference; lastKnownFileType = sourcecode.swift; path = SpeechRecongizer.swift; sourceTree = "<group>"; };
		C68E4D6C2B9A1CC00011F267 /* HistoryView.swift */ = {isa = PBXFileReference; lastKnownFileType = sourcecode.swift; path = HistoryView.swift; sourceTree = "<group>"; wrapsLines = 0; };
		C6A2A77E2B94F69A001AB0F2 /* ScrumStore.swift */ = {isa = PBXFileReference; lastKnownFileType = sourcecode.swift; path = ScrumStore.swift; sourceTree = "<group>"; };
		C6A2A7802B9500C7001AB0F2 /* ErrorWrapper.swift */ = {isa = PBXFileReference; lastKnownFileType = sourcecode.swift; path = ErrorWrapper.swift; sourceTree = "<group>"; };
		C6A2A7822B95015B001AB0F2 /* ErrorView.swift */ = {isa = PBXFileReference; lastKnownFileType = sourcecode.swift; path = ErrorView.swift; sourceTree = "<group>"; };
/* End PBXFileReference section */

/* Begin PBXFrameworksBuildPhase section */
		07CBD4E82B56DAB4000B6B92 /* Frameworks */ = {
			isa = PBXFrameworksBuildPhase;
			buildActionMask = 2147483647;
			files = (
			);
			runOnlyForDeploymentPostprocessing = 0;
		};
/* End PBXFrameworksBuildPhase section */

/* Begin PBXGroup section */
		072D1D1C2B63708900C166E1 /* Resources */ = {
			isa = PBXGroup;
			children = (
				072D1D1D2B63708900C166E1 /* ding.wav */,
			);
			path = Resources;
			sourceTree = "<group>";
		};
		072D1D1F2B63719E00C166E1 /* Views */ = {
			isa = PBXGroup;
			children = (
				07AD90F82B5AC8E300406500 /* ScrumsView.swift */,
				07CBD5012B56E67E000B6B92 /* CardView.swift */,
				07F8136B2B63ED8800CA90FC /* NewScrumSheet.swift */,
				072D1D222B63720D00C166E1 /* DetailView */,
				072D1D212B6371F700C166E1 /* MeetingView */,
				C6A2A7822B95015B001AB0F2 /* ErrorView.swift */,
				C68E4D6C2B9A1CC00011F267 /* HistoryView.swift */,
			);
			path = Views;
			sourceTree = "<group>";
		};
		072D1D202B6371C900C166E1 /* Styles */ = {
			isa = PBXGroup;
			children = (
				07CA18B22B63613D00F95D21 /* ScrumProgressViewStyle.swift */,
				07E198222B5941DE008CC276 /* TrailingIconLabelStyle.swift */,
			);
			path = Styles;
			sourceTree = "<group>";
		};
		072D1D212B6371F700C166E1 /* MeetingView */ = {
			isa = PBXGroup;
			children = (
				07CBD4F02B56DAB4000B6B92 /* MeetingView.swift */,
				072D1D182B63663C00C166E1 /* MeetingFooterView.swift */,
				07CA18B02B635BE400F95D21 /* MeetingHeaderView.swift */,
				C68811242B95B3E700352EC9 /* TimerView */,
			);
			path = MeetingView;
			sourceTree = "<group>";
		};
		072D1D222B63720D00C166E1 /* DetailView */ = {
			isa = PBXGroup;
			children = (
				07AD90FA2B5ACE8200406500 /* DetailView.swift */,
				07AD90FC2B5AEA4A00406500 /* DetailEditView.swift */,
				072D1D232B63721E00C166E1 /* ThemeView */,
			);
			path = DetailView;
			sourceTree = "<group>";
		};
		072D1D232B63721E00C166E1 /* ThemeView */ = {
			isa = PBXGroup;
			children = (
				07AD90FE2B5AFD7500406500 /* ThemeView.swift */,
				07AD91002B5AFDF000406500 /* ThemePickerView.swift */,
			);
			path = ThemeView;
			sourceTree = "<group>";
		};
		07CBD4E22B56DAB3000B6B92 = {
			isa = PBXGroup;
			children = (
				07CBD4ED2B56DAB4000B6B92 /* Scrumdinger */,
				07CBD4EC2B56DAB4000B6B92 /* Products */,
			);
			sourceTree = "<group>";
		};
		07CBD4EC2B56DAB4000B6B92 /* Products */ = {
			isa = PBXGroup;
			children = (
				07CBD4EB2B56DAB4000B6B92 /* Scrumdinger.app */,
			);
			name = Products;
			sourceTree = "<group>";
		};
		07CBD4ED2B56DAB4000B6B92 /* Scrumdinger */ = {
			isa = PBXGroup;
			children = (
				07CBD4EE2B56DAB4000B6B92 /* ScrumdingerApp.swift */,
				07CBD4FC2B56E4A0000B6B92 /* Models */,
				072D1D202B6371C900C166E1 /* Styles */,
				072D1D1F2B63719E00C166E1 /* Views */,
				072D1D1C2B63708900C166E1 /* Resources */,
				07CBD4F22B56DABC000B6B92 /* Assets.xcassets */,
				07CBD4F42B56DABC000B6B92 /* Preview Content */,
			);
			path = Scrumdinger;
			sourceTree = "<group>";
		};
		07CBD4F42B56DABC000B6B92 /* Preview Content */ = {
			isa = PBXGroup;
			children = (
				07CBD4F52B56DABC000B6B92 /* Preview Assets.xcassets */,
			);
			path = "Preview Content";
			sourceTree = "<group>";
		};
		07CBD4FC2B56E4A0000B6B92 /* Models */ = {
			isa = PBXGroup;
			children = (
				07CBD4FD2B56E4B6000B6B92 /* Theme.swift */,
				07CBD4FF2B56E550000B6B92 /* DailyScrum.swift */,
				072D1D162B6364B200C166E1 /* ScrumTimer.swift */,
				C6684F642B936A5200E16797 /* AVPlayer+Ding.swift */,
				C6684F662B93AB6500E16797 /* History.swift */,
				C6A2A77E2B94F69A001AB0F2 /* ScrumStore.swift */,
				C6A2A7802B9500C7001AB0F2 /* ErrorWrapper.swift */,
				C68E4D6A2B9A196B0011F267 /* SpeechRecongizer.swift */,
			);
			path = Models;
			sourceTree = "<group>";
		};
		C68811242B95B3E700352EC9 /* TimerView */ = {
			isa = PBXGroup;
			children = (
				C68811222B95B11E00352EC9 /* MeetingTimerView.swift */,
				C68811252B95B3FC00352EC9 /* SpeakerArc.swift */,
			);
			path = TimerView;
			sourceTree = "<group>";
		};
/* End PBXGroup section */

/* Begin PBXNativeTarget section */
		07CBD4EA2B56DAB4000B6B92 /* Scrumdinger */ = {
			isa = PBXNativeTarget;
			buildConfigurationList = 07CBD4F92B56DABC000B6B92 /* Build configuration list for PBXNativeTarget "Scrumdinger" */;
			buildPhases = (
				07CBD4E72B56DAB4000B6B92 /* Sources */,
				07CBD4E82B56DAB4000B6B92 /* Frameworks */,
				07CBD4E92B56DAB4000B6B92 /* Resources */,
			);
			buildRules = (
			);
			dependencies = (
			);
			name = Scrumdinger;
			productName = Scrumdinger;
			productReference = 07CBD4EB2B56DAB4000B6B92 /* Scrumdinger.app */;
			productType = "com.apple.product-type.application";
		};
/* End PBXNativeTarget section */

/* Begin PBXProject section */
		07CBD4E32B56DAB3000B6B92 /* Project object */ = {
			isa = PBXProject;
			attributes = {
				BuildIndependentTargetsInParallel = 1;
				LastSwiftUpdateCheck = 1430;
				LastUpgradeCheck = 1510;
				TargetAttributes = {
					07CBD4EA2B56DAB4000B6B92 = {
						CreatedOnToolsVersion = 14.3.1;
					};
				};
			};
			buildConfigurationList = 07CBD4E62B56DAB4000B6B92 /* Build configuration list for PBXProject "Scrumdinger" */;
			compatibilityVersion = "Xcode 14.0";
			developmentRegion = en;
			hasScannedForEncodings = 0;
			knownRegions = (
				en,
				Base,
			);
			mainGroup = 07CBD4E22B56DAB3000B6B92;
			productRefGroup = 07CBD4EC2B56DAB4000B6B92 /* Products */;
			projectDirPath = "";
			projectRoot = "";
			targets = (
				07CBD4EA2B56DAB4000B6B92 /* Scrumdinger */,
			);
		};
/* End PBXProject section */

/* Begin PBXResourcesBuildPhase section */
		07CBD4E92B56DAB4000B6B92 /* Resources */ = {
			isa = PBXResourcesBuildPhase;
			buildActionMask = 2147483647;
			files = (
				072D1D1E2B63708A00C166E1 /* ding.wav in Resources */,
				07CBD4F62B56DABC000B6B92 /* Preview Assets.xcassets in Resources */,
				07CBD4F32B56DABC000B6B92 /* Assets.xcassets in Resources */,
			);
			runOnlyForDeploymentPostprocessing = 0;
		};
/* End PBXResourcesBuildPhase section */

/* Begin PBXSourcesBuildPhase section */
		07CBD4E72B56DAB4000B6B92 /* Sources */ = {
			isa = PBXSourcesBuildPhase;
			buildActionMask = 2147483647;
			files = (
				C6684F672B93AB6500E16797 /* History.swift in Sources */,
				C68E4D6B2B9A196B0011F267 /* SpeechRecongizer.swift in Sources */,
				07CBD5002B56E550000B6B92 /* DailyScrum.swift in Sources */,
				07CA18B32B63613D00F95D21 /* ScrumProgressViewStyle.swift in Sources */,
				072D1D192B63663C00C166E1 /* MeetingFooterView.swift in Sources */,
				C68811262B95B3FC00352EC9 /* SpeakerArc.swift in Sources */,
				C6A2A7832B95015B001AB0F2 /* ErrorView.swift in Sources */,
				C68E4D6D2B9A1CC00011F267 /* HistoryView.swift in Sources */,
				07AD90FB2B5ACE8200406500 /* DetailView.swift in Sources */,
				C68811232B95B11E00352EC9 /* MeetingTimerView.swift in Sources */,
				07AD90FD2B5AEA4A00406500 /* DetailEditView.swift in Sources */,
				C6A2A77F2B94F69A001AB0F2 /* ScrumStore.swift in Sources */,
				C6684F652B936A5200E16797 /* AVPlayer+Ding.swift in Sources */,
				C6A2A7812B9500C7001AB0F2 /* ErrorWrapper.swift in Sources */,
				07CA18B12B635BE400F95D21 /* MeetingHeaderView.swift in Sources */,
				07CBD4FE2B56E4B6000B6B92 /* Theme.swift in Sources */,
				07CBD4F12B56DAB4000B6B92 /* MeetingView.swift in Sources */,
				07F8136C2B63ED8800CA90FC /* NewScrumSheet.swift in Sources */,
				07AD91012B5AFDF000406500 /* ThemePickerView.swift in Sources */,
				072D1D172B6364B300C166E1 /* ScrumTimer.swift in Sources */,
				07AD90F92B5AC8E300406500 /* ScrumsView.swift in Sources */,
				07CBD4EF2B56DAB4000B6B92 /* ScrumdingerApp.swift in Sources */,
				07E198232B5941DE008CC276 /* TrailingIconLabelStyle.swift in Sources */,
				07AD90FF2B5AFD7500406500 /* ThemeView.swift in Sources */,
				07CBD5022B56E67E000B6B92 /* CardView.swift in Sources */,
			);
			runOnlyForDeploymentPostprocessing = 0;
		};
/* End PBXSourcesBuildPhase section */

/* Begin XCBuildConfiguration section */
		07CBD4F72B56DABC000B6B92 /* Debug */ = {
			isa = XCBuildConfiguration;
			buildSettings = {
				ALWAYS_SEARCH_USER_PATHS = NO;
				ASSETCATALOG_COMPILER_GENERATE_SWIFT_ASSET_SYMBOL_EXTENSIONS = YES;
				CLANG_ANALYZER_NONNULL = YES;
				CLANG_ANALYZER_NUMBER_OBJECT_CONVERSION = YES_AGGRESSIVE;
				CLANG_CXX_LANGUAGE_STANDARD = "gnu++20";
				CLANG_ENABLE_MODULES = YES;
				CLANG_ENABLE_OBJC_ARC = YES;
				CLANG_ENABLE_OBJC_WEAK = YES;
				CLANG_WARN_BLOCK_CAPTURE_AUTORELEASING = YES;
				CLANG_WARN_BOOL_CONVERSION = YES;
				CLANG_WARN_COMMA = YES;
				CLANG_WARN_CONSTANT_CONVERSION = YES;
				CLANG_WARN_DEPRECATED_OBJC_IMPLEMENTATIONS = YES;
				CLANG_WARN_DIRECT_OBJC_ISA_USAGE = YES_ERROR;
				CLANG_WARN_DOCUMENTATION_COMMENTS = YES;
				CLANG_WARN_EMPTY_BODY = YES;
				CLANG_WARN_ENUM_CONVERSION = YES;
				CLANG_WARN_INFINITE_RECURSION = YES;
				CLANG_WARN_INT_CONVERSION = YES;
				CLANG_WARN_NON_LITERAL_NULL_CONVERSION = YES;
				CLANG_WARN_OBJC_IMPLICIT_RETAIN_SELF = YES;
				CLANG_WARN_OBJC_LITERAL_CONVERSION = YES;
				CLANG_WARN_OBJC_ROOT_CLASS = YES_ERROR;
				CLANG_WARN_QUOTED_INCLUDE_IN_FRAMEWORK_HEADER = YES;
				CLANG_WARN_RANGE_LOOP_ANALYSIS = YES;
				CLANG_WARN_STRICT_PROTOTYPES = YES;
				CLANG_WARN_SUSPICIOUS_MOVE = YES;
				CLANG_WARN_UNGUARDED_AVAILABILITY = YES_AGGRESSIVE;
				CLANG_WARN_UNREACHABLE_CODE = YES;
				CLANG_WARN__DUPLICATE_METHOD_MATCH = YES;
				COPY_PHASE_STRIP = NO;
				DEBUG_INFORMATION_FORMAT = dwarf;
				ENABLE_STRICT_OBJC_MSGSEND = YES;
				ENABLE_TESTABILITY = YES;
				ENABLE_USER_SCRIPT_SANDBOXING = YES;
				GCC_C_LANGUAGE_STANDARD = gnu11;
				GCC_DYNAMIC_NO_PIC = NO;
				GCC_NO_COMMON_BLOCKS = YES;
				GCC_OPTIMIZATION_LEVEL = 0;
				GCC_PREPROCESSOR_DEFINITIONS = (
					"DEBUG=1",
					"$(inherited)",
				);
				GCC_WARN_64_TO_32_BIT_CONVERSION = YES;
				GCC_WARN_ABOUT_RETURN_TYPE = YES_ERROR;
				GCC_WARN_UNDECLARED_SELECTOR = YES;
				GCC_WARN_UNINITIALIZED_AUTOS = YES_AGGRESSIVE;
				GCC_WARN_UNUSED_FUNCTION = YES;
				GCC_WARN_UNUSED_VARIABLE = YES;
				IPHONEOS_DEPLOYMENT_TARGET = 16.0;
				MTL_ENABLE_DEBUG_INFO = INCLUDE_SOURCE;
				MTL_FAST_MATH = YES;
				ONLY_ACTIVE_ARCH = YES;
				SDKROOT = iphoneos;
				SWIFT_ACTIVE_COMPILATION_CONDITIONS = DEBUG;
				SWIFT_OPTIMIZATION_LEVEL = "-Onone";
			};
			name = Debug;
		};
		07CBD4F82B56DABC000B6B92 /* Release */ = {
			isa = XCBuildConfiguration;
			buildSettings = {
				ALWAYS_SEARCH_USER_PATHS = NO;
				ASSETCATALOG_COMPILER_GENERATE_SWIFT_ASSET_SYMBOL_EXTENSIONS = YES;
				CLANG_ANALYZER_NONNULL = YES;
				CLANG_ANALYZER_NUMBER_OBJECT_CONVERSION = YES_AGGRESSIVE;
				CLANG_CXX_LANGUAGE_STANDARD = "gnu++20";
				CLANG_ENABLE_MODULES = YES;
				CLANG_ENABLE_OBJC_ARC = YES;
				CLANG_ENABLE_OBJC_WEAK = YES;
				CLANG_WARN_BLOCK_CAPTURE_AUTORELEASING = YES;
				CLANG_WARN_BOOL_CONVERSION = YES;
				CLANG_WARN_COMMA = YES;
				CLANG_WARN_CONSTANT_CONVERSION = YES;
				CLANG_WARN_DEPRECATED_OBJC_IMPLEMENTATIONS = YES;
				CLANG_WARN_DIRECT_OBJC_ISA_USAGE = YES_ERROR;
				CLANG_WARN_DOCUMENTATION_COMMENTS = YES;
				CLANG_WARN_EMPTY_BODY = YES;
				CLANG_WARN_ENUM_CONVERSION = YES;
				CLANG_WARN_INFINITE_RECURSION = YES;
				CLANG_WARN_INT_CONVERSION = YES;
				CLANG_WARN_NON_LITERAL_NULL_CONVERSION = YES;
				CLANG_WARN_OBJC_IMPLICIT_RETAIN_SELF = YES;
				CLANG_WARN_OBJC_LITERAL_CONVERSION = YES;
				CLANG_WARN_OBJC_ROOT_CLASS = YES_ERROR;
				CLANG_WARN_QUOTED_INCLUDE_IN_FRAMEWORK_HEADER = YES;
				CLANG_WARN_RANGE_LOOP_ANALYSIS = YES;
				CLANG_WARN_STRICT_PROTOTYPES = YES;
				CLANG_WARN_SUSPICIOUS_MOVE = YES;
				CLANG_WARN_UNGUARDED_AVAILABILITY = YES_AGGRESSIVE;
				CLANG_WARN_UNREACHABLE_CODE = YES;
				CLANG_WARN__DUPLICATE_METHOD_MATCH = YES;
				COPY_PHASE_STRIP = NO;
				DEBUG_INFORMATION_FORMAT = "dwarf-with-dsym";
				ENABLE_NS_ASSERTIONS = NO;
				ENABLE_STRICT_OBJC_MSGSEND = YES;
				ENABLE_USER_SCRIPT_SANDBOXING = YES;
				GCC_C_LANGUAGE_STANDARD = gnu11;
				GCC_NO_COMMON_BLOCKS = YES;
				GCC_WARN_64_TO_32_BIT_CONVERSION = YES;
				GCC_WARN_ABOUT_RETURN_TYPE = YES_ERROR;
				GCC_WARN_UNDECLARED_SELECTOR = YES;
				GCC_WARN_UNINITIALIZED_AUTOS = YES_AGGRESSIVE;
				GCC_WARN_UNUSED_FUNCTION = YES;
				GCC_WARN_UNUSED_VARIABLE = YES;
				IPHONEOS_DEPLOYMENT_TARGET = 16.0;
				MTL_ENABLE_DEBUG_INFO = NO;
				MTL_FAST_MATH = YES;
				SDKROOT = iphoneos;
				SWIFT_COMPILATION_MODE = wholemodule;
				SWIFT_OPTIMIZATION_LEVEL = "-O";
				VALIDATE_PRODUCT = YES;
			};
			name = Release;
		};
		07CBD4FA2B56DABC000B6B92 /* Debug */ = {
			isa = XCBuildConfiguration;
			buildSettings = {
				ASSETCATALOG_COMPILER_APPICON_NAME = AppIcon;
				ASSETCATALOG_COMPILER_GLOBAL_ACCENT_COLOR_NAME = AccentColor;
				CODE_SIGN_STYLE = Automatic;
				CURRENT_PROJECT_VERSION = 1;
				DEVELOPMENT_ASSET_PATHS = "\"Scrumdinger/Preview Content\"";
				DEVELOPMENT_TEAM = J2YJ6QP79J;
				ENABLE_PREVIEWS = YES;
				GENERATE_INFOPLIST_FILE = YES;
				INFOPLIST_KEY_NSMicrophoneUsageDescription = "Audio is recorded to transcribe the meeting";
				INFOPLIST_KEY_NSSpeechRecognitionUsageDescription = "You can view a text transcription of your meeting in the app";
				INFOPLIST_KEY_UIApplicationSceneManifest_Generation = YES;
				INFOPLIST_KEY_UIApplicationSupportsIndirectInputEvents = YES;
				INFOPLIST_KEY_UILaunchScreen_Generation = YES;
				INFOPLIST_KEY_UISupportedInterfaceOrientations_iPad = "UIInterfaceOrientationPortrait UIInterfaceOrientationPortraitUpsideDown UIInterfaceOrientationLandscapeLeft UIInterfaceOrientationLandscapeRight";
				INFOPLIST_KEY_UISupportedInterfaceOrientations_iPhone = "UIInterfaceOrientationPortrait UIInterfaceOrientationLandscapeLeft UIInterfaceOrientationLandscapeRight";
				LD_RUNPATH_SEARCH_PATHS = (
					"$(inherited)",
					"@executable_path/Frameworks",
				);
				MARKETING_VERSION = 1.0;
				PRODUCT_BUNDLE_IDENTIFIER = com.ezpzbaby.Scrumdinger;
				PRODUCT_NAME = "$(TARGET_NAME)";
				SUPPORTED_PLATFORMS = "iphoneos iphonesimulator";
				SUPPORTS_MACCATALYST = NO;
				SUPPORTS_MAC_DESIGNED_FOR_IPHONE_IPAD = NO;
				SWIFT_EMIT_LOC_STRINGS = YES;
				SWIFT_VERSION = 5.0;
				TARGETED_DEVICE_FAMILY = 1;
			};
			name = Debug;
		};
		07CBD4FB2B56DABC000B6B92 /* Release */ = {
			isa = XCBuildConfiguration;
			buildSettings = {
				ASSETCATALOG_COMPILER_APPICON_NAME = AppIcon;
				ASSETCATALOG_COMPILER_GLOBAL_ACCENT_COLOR_NAME = AccentColor;
				CODE_SIGN_STYLE = Automatic;
				CURRENT_PROJECT_VERSION = 1;
				DEVELOPMENT_ASSET_PATHS = "\"Scrumdinger/Preview Content\"";
				DEVELOPMENT_TEAM = J2YJ6QP79J;
				ENABLE_PREVIEWS = YES;
				GENERATE_INFOPLIST_FILE = YES;
				INFOPLIST_KEY_NSMicrophoneUsageDescription = "Audio is recorded to transcribe the meeting";
				INFOPLIST_KEY_NSSpeechRecognitionUsageDescription = "You can view a text transcription of your meeting in the app";
				INFOPLIST_KEY_UIApplicationSceneManifest_Generation = YES;
				INFOPLIST_KEY_UIApplicationSupportsIndirectInputEvents = YES;
				INFOPLIST_KEY_UILaunchScreen_Generation = YES;
				INFOPLIST_KEY_UISupportedInterfaceOrientations_iPad = "UIInterfaceOrientationPortrait UIInterfaceOrientationPortraitUpsideDown UIInterfaceOrientationLandscapeLeft UIInterfaceOrientationLandscapeRight";
				INFOPLIST_KEY_UISupportedInterfaceOrientations_iPhone = "UIInterfaceOrientationPortrait UIInterfaceOrientationLandscapeLeft UIInterfaceOrientationLandscapeRight";
				LD_RUNPATH_SEARCH_PATHS = (
					"$(inherited)",
					"@executable_path/Frameworks",
				);
				MARKETING_VERSION = 1.0;
				PRODUCT_BUNDLE_IDENTIFIER = com.ezpzbaby.Scrumdinger;
				PRODUCT_NAME = "$(TARGET_NAME)";
				SUPPORTED_PLATFORMS = "iphoneos iphonesimulator";
				SUPPORTS_MACCATALYST = NO;
				SUPPORTS_MAC_DESIGNED_FOR_IPHONE_IPAD = NO;
				SWIFT_EMIT_LOC_STRINGS = YES;
				SWIFT_VERSION = 5.0;
				TARGETED_DEVICE_FAMILY = 1;
			};
			name = Release;
		};
/* End XCBuildConfiguration section */

/* Begin XCConfigurationList section */
		07CBD4E62B56DAB4000B6B92 /* Build configuration list for PBXProject "Scrumdinger" */ = {
			isa = XCConfigurationList;
			buildConfigurations = (
				07CBD4F72B56DABC000B6B92 /* Debug */,
				07CBD4F82B56DABC000B6B92 /* Release */,
			);
			defaultConfigurationIsVisible = 0;
			defaultConfigurationName = Release;
		};
		07CBD4F92B56DABC000B6B92 /* Build configuration list for PBXNativeTarget "Scrumdinger" */ = {
			isa = XCConfigurationList;
			buildConfigurations = (
				07CBD4FA2B56DABC000B6B92 /* Debug */,
				07CBD4FB2B56DABC000B6B92 /* Release */,
			);
			defaultConfigurationIsVisible = 0;
			defaultConfigurationName = Release;
		};
/* End XCConfigurationList section */
	};
	rootObject = 07CBD4E32B56DAB3000B6B92 /* Project object */;
}
